# This file is automatically @generated by Cargo.
# It is not intended for manual editing.
version = 3

[[package]]
name = "atomic_sibling_counter"
version = "0.1.0"
dependencies = [
 "cap",
]

[[package]]
name = "cap"
version = "0.1.2"
source = "registry+https://github.com/rust-lang/crates.io-index"
checksum = "6f125eb85b84a24c36b02ed1d22c9dd8632f53b3cde6e4d23512f94021030003"
